{
  "name": "wgcf-client",
  "version": "1.0.0",
  "lockfileVersion": 1,
  "requires": true,
  "dependencies": {
    "shh-node-http": {
      "version": "2.0.1",
      "resolved": "https://registry.npmjs.org/shh-node-http/-/shh-node-http-2.0.1.tgz",
      "integrity": "sha512-0qrgIOSdcGbviF4gy8QoDF8qxYUpi+GcdRSBYuOb793fshYuoLlYYFap/O0WA1oA7u581s7NTc7Vi2+YUyEzUw=="
    }
  }
}
